
Microsoft Visual Studio Solution File, Format Version 12.00
# Visual Studio Version 17
VisualStudioVersion = 17.4.33205.214
MinimumVisualStudioVersion = 10.0.40219.1
Project("{FAE04EC0-301F-11D3-BF4B-00C04F79EFBC}") = "Sumator", "Sumator.csproj", "{E1614458-9581-492F-89F4-E6736CCCEFE9}"
EndProject
Project("{2150E333-8FDC-42A3-9474-1A3956D46DE8}") = "Elementos de la solución", "Elementos de la solución", "{5BAB8A6A-22AB-4CF5-80E4-673C5CD2BFEC}"
	ProjectSection(SolutionItems) = preProject
		BLL.cs = BLL.cs
	EndProjectSection
EndProject
Global
	GlobalSection(SolutionConfigurationPlatforms) = preSolution
		Debug|Any CPU = Debug|Any CPU
		Release|Any CPU = Release|Any CPU
	EndGlobalSection
	GlobalSection(ProjectConfigurationPlatforms) = postSolution
		{E1614458-9581-492F-89F4-E6736CCCEFE9}.Debug|Any CPU.ActiveCfg = Debug|Any CPU
		{E1614458-9581-492F-89F4-E6736CCCEFE9}.Debug|Any CPU.Build.0 = Debug|Any CPU
		{E1614458-9581-492F-89F4-E6736CCCEFE9}.Release|Any CPU.ActiveCfg = Release|Any CPU
		{E1614458-9581-492F-89F4-E6736CCCEFE9}.Release|Any CPU.Build.0 = Release|Any CPU
	EndGlobalSection
	GlobalSection(SolutionProperties) = preSolution
		HideSolutionNode = FALSE
	EndGlobalSection
	GlobalSection(ExtensibilityGlobals) = postSolution
		SolutionGuid = {DFB8BF75-75DE-44A5-BF1E-E84F3E1D061F}
	EndGlobalSection
EndGlobal
